# THIS IS AN AUTOGENERATED FILE. DO NOT EDIT THIS FILE DIRECTLY.
# yarn lockfile v1


three@^0.126.0:
  version "0.126.0"
  resolved "https://registry.yarnpkg.com/three/-/three-0.126.0.tgz#924818341cd4441ef247e3cbf236f6160b90a216"
  integrity sha512-/MecvboUefStCkUfXLImoJxthN+FoLPcEP7pz1r1Dd9i8BPGGuj+S1sOPRvW4Z+ViZjP2oWWm1inNC/MT52ybA==
